// !$*UTF8*$!
{
	archiveVersion = 1;
	classes = {
	};
	objectVersion = 50;
	objects = {

/* Begin PBXBuildFile section */
		9406A24024ABCF5A00127541 /* KickSummaryCard.swift in Sources */ = {isa = PBXBuildFile; fileRef = 9406A23F24ABCF5A00127541 /* KickSummaryCard.swift */; };
		9406A24224ABE3DA00127541 /* Timeframe.swift in Sources */ = {isa = PBXBuildFile; fileRef = 9406A24124ABE3DA00127541 /* Timeframe.swift */; };
		944B233A24AD2DDC00480BCB /* AppStateStore.swift in Sources */ = {isa = PBXBuildFile; fileRef = 944B233924AD2DDC00480BCB /* AppStateStore.swift */; };
		944B233C24AD2F5500480BCB /* Kick.swift in Sources */ = {isa = PBXBuildFile; fileRef = 944B233B24AD2F5500480BCB /* Kick.swift */; };
		944B233E24AD2F7200480BCB /* AppState.swift in Sources */ = {isa = PBXBuildFile; fileRef = 944B233D24AD2F7200480BCB /* AppState.swift */; };
		944B234124AD301300480BCB /* HistoryView.swift in Sources */ = {isa = PBXBuildFile; fileRef = 944B234024AD301300480BCB /* HistoryView.swift */; };
		944B234324AD30AF00480BCB /* TodayView.swift in Sources */ = {isa = PBXBuildFile; fileRef = 944B234224AD30AF00480BCB /* TodayView.swift */; };
		94CC28FF24ABBE3B0044AD39 /* AppDelegate.swift in Sources */ = {isa = PBXBuildFile; fileRef = 94CC28FE24ABBE3B0044AD39 /* AppDelegate.swift */; };
		94CC290124ABBE3B0044AD39 /* SceneDelegate.swift in Sources */ = {isa = PBXBuildFile; fileRef = 94CC290024ABBE3B0044AD39 /* SceneDelegate.swift */; };
		94CC290324ABBE3B0044AD39 /* ContentView.swift in Sources */ = {isa = PBXBuildFile; fileRef = 94CC290224ABBE3B0044AD39 /* ContentView.swift */; };
		94CC290524ABBE3C0044AD39 /* Assets.xcassets in Resources */ = {isa = PBXBuildFile; fileRef = 94CC290424ABBE3C0044AD39 /* Assets.xcassets */; };
		94CC290824ABBE3C0044AD39 /* Preview Assets.xcassets in Resources */ = {isa = PBXBuildFile; fileRef = 94CC290724ABBE3C0044AD39 /* Preview Assets.xcassets */; };
		94CC290B24ABBE3C0044AD39 /* LaunchScreen.storyboard in Resources */ = {isa = PBXBuildFile; fileRef = 94CC290924ABBE3C0044AD39 /* LaunchScreen.storyboard */; };
		94CC291624ABBE3D0044AD39 /* KicksCounterTests.swift in Sources */ = {isa = PBXBuildFile; fileRef = 94CC291524ABBE3D0044AD39 /* KicksCounterTests.swift */; };
		94CC292124ABC75E0044AD39 /* KicksView.swift in Sources */ = {isa = PBXBuildFile; fileRef = 94CC292024ABC75E0044AD39 /* KicksView.swift */; };
		94FA24CC24AFB5F700AD0EFA /* DayCard.swift in Sources */ = {isa = PBXBuildFile; fileRef = 94FA24CB24AFB5F700AD0EFA /* DayCard.swift */; };
/* End PBXBuildFile section */

/* Begin PBXContainerItemProxy section */
		94CC291224ABBE3D0044AD39 /* PBXContainerItemProxy */ = {
			isa = PBXContainerItemProxy;
			containerPortal = 94CC28F324ABBE3B0044AD39 /* Project object */;
			proxyType = 1;
			remoteGlobalIDString = 94CC28FA24ABBE3B0044AD39;
			remoteInfo = KicksCounter;
		};
/* End PBXContainerItemProxy section */

/* Begin PBXFileReference section */
		9406A23F24ABCF5A00127541 /* KickSummaryCard.swift */ = {isa = PBXFileReference; lastKnownFileType = sourcecode.swift; path = KickSummaryCard.swift; sourceTree = "<group>"; };
		9406A24124ABE3DA00127541 /* Timeframe.swift */ = {isa = PBXFileReference; lastKnownFileType = sourcecode.swift; path = Timeframe.swift; sourceTree = "<group>"; };
		944B233924AD2DDC00480BCB /* AppStateStore.swift */ = {isa = PBXFileReference; lastKnownFileType = sourcecode.swift; path = AppStateStore.swift; sourceTree = "<group>"; };
		944B233B24AD2F5500480BCB /* Kick.swift */ = {isa = PBXFileReference; lastKnownFileType = sourcecode.swift; path = Kick.swift; sourceTree = "<group>"; };
		944B233D24AD2F7200480BCB /* AppState.swift */ = {isa = PBXFileReference; lastKnownFileType = sourcecode.swift; path = AppState.swift; sourceTree = "<group>"; };
		944B234024AD301300480BCB /* HistoryView.swift */ = {isa = PBXFileReference; lastKnownFileType = sourcecode.swift; path = HistoryView.swift; sourceTree = "<group>"; };
		944B234224AD30AF00480BCB /* TodayView.swift */ = {isa = PBXFileReference; lastKnownFileType = sourcecode.swift; path = TodayView.swift; sourceTree = "<group>"; };
		94CC28FB24ABBE3B0044AD39 /* Kicks.app */ = {isa = PBXFileReference; explicitFileType = wrapper.application; includeInIndex = 0; path = Kicks.app; sourceTree = BUILT_PRODUCTS_DIR; };
		94CC28FE24ABBE3B0044AD39 /* AppDelegate.swift */ = {isa = PBXFileReference; lastKnownFileType = sourcecode.swift; path = AppDelegate.swift; sourceTree = "<group>"; };
		94CC290024ABBE3B0044AD39 /* SceneDelegate.swift */ = {isa = PBXFileReference; lastKnownFileType = sourcecode.swift; path = SceneDelegate.swift; sourceTree = "<group>"; };
		94CC290224ABBE3B0044AD39 /* ContentView.swift */ = {isa = PBXFileReference; lastKnownFileType = sourcecode.swift; path = ContentView.swift; sourceTree = "<group>"; };
		94CC290424ABBE3C0044AD39 /* Assets.xcassets */ = {isa = PBXFileReference; lastKnownFileType = folder.assetcatalog; path = Assets.xcassets; sourceTree = "<group>"; };
		94CC290724ABBE3C0044AD39 /* Preview Assets.xcassets */ = {isa = PBXFileReference; lastKnownFileType = folder.assetcatalog; path = "Preview Assets.xcassets"; sourceTree = "<group>"; };
		94CC290A24ABBE3C0044AD39 /* Base */ = {isa = PBXFileReference; lastKnownFileType = file.storyboard; name = Base; path = Base.lproj/LaunchScreen.storyboard; sourceTree = "<group>"; };
		94CC290C24ABBE3C0044AD39 /* Info.plist */ = {isa = PBXFileReference; lastKnownFileType = text.plist.xml; path = Info.plist; sourceTree = "<group>"; };
		94CC291124ABBE3D0044AD39 /* KicksCounterTests.xctest */ = {isa = PBXFileReference; explicitFileType = wrapper.cfbundle; includeInIndex = 0; path = KicksCounterTests.xctest; sourceTree = BUILT_PRODUCTS_DIR; };
		94CC291524ABBE3D0044AD39 /* KicksCounterTests.swift */ = {isa = PBXFileReference; lastKnownFileType = sourcecode.swift; path = KicksCounterTests.swift; sourceTree = "<group>"; };
		94CC291724ABBE3D0044AD39 /* Info.plist */ = {isa = PBXFileReference; lastKnownFileType = text.plist.xml; path = Info.plist; sourceTree = "<group>"; };
		94CC292024ABC75E0044AD39 /* KicksView.swift */ = {isa = PBXFileReference; lastKnownFileType = sourcecode.swift; path = KicksView.swift; sourceTree = "<group>"; };
		94FA24CB24AFB5F700AD0EFA /* DayCard.swift */ = {isa = PBXFileReference; lastKnownFileType = sourcecode.swift; path = DayCard.swift; sourceTree = "<group>"; };
/* End PBXFileReference section */

/* Begin PBXFrameworksBuildPhase section */
		94CC28F824ABBE3B0044AD39 /* Frameworks */ = {
			isa = PBXFrameworksBuildPhase;
			buildActionMask = 2147483647;
			files = (
			);
			runOnlyForDeploymentPostprocessing = 0;
		};
		94CC290E24ABBE3D0044AD39 /* Frameworks */ = {
			isa = PBXFrameworksBuildPhase;
			buildActionMask = 2147483647;
			files = (
			);
			runOnlyForDeploymentPostprocessing = 0;
		};
/* End PBXFrameworksBuildPhase section */

/* Begin PBXGroup section */
		944B233F24AD2F8700480BCB /* Model */ = {
			isa = PBXGroup;
			children = (
				944B233D24AD2F7200480BCB /* AppState.swift */,
				944B233924AD2DDC00480BCB /* AppStateStore.swift */,
				944B233B24AD2F5500480BCB /* Kick.swift */,
				9406A24124ABE3DA00127541 /* Timeframe.swift */,
			);
			path = Model;
			sourceTree = "<group>";
		};
		94CC28F224ABBE3B0044AD39 = {
			isa = PBXGroup;
			children = (
				94CC28FD24ABBE3B0044AD39 /* KicksCounter */,
				94CC291424ABBE3D0044AD39 /* KicksCounterTests */,
				94CC28FC24ABBE3B0044AD39 /* Products */,
			);
			sourceTree = "<group>";
		};
		94CC28FC24ABBE3B0044AD39 /* Products */ = {
			isa = PBXGroup;
			children = (
				94CC28FB24ABBE3B0044AD39 /* Kicks.app */,
				94CC291124ABBE3D0044AD39 /* KicksCounterTests.xctest */,
			);
			name = Products;
			sourceTree = "<group>";
		};
		94CC28FD24ABBE3B0044AD39 /* KicksCounter */ = {
			isa = PBXGroup;
			children = (
				94CC28FE24ABBE3B0044AD39 /* AppDelegate.swift */,
				94CC290024ABBE3B0044AD39 /* SceneDelegate.swift */,
				94CC290224ABBE3B0044AD39 /* ContentView.swift */,
				944B234224AD30AF00480BCB /* TodayView.swift */,
				94CC292024ABC75E0044AD39 /* KicksView.swift */,
				944B234024AD301300480BCB /* HistoryView.swift */,
				9406A23F24ABCF5A00127541 /* KickSummaryCard.swift */,
				94FA24CB24AFB5F700AD0EFA /* DayCard.swift */,
				944B233F24AD2F8700480BCB /* Model */,
				94CC290424ABBE3C0044AD39 /* Assets.xcassets */,
				94CC290924ABBE3C0044AD39 /* LaunchScreen.storyboard */,
				94CC290C24ABBE3C0044AD39 /* Info.plist */,
				94CC290624ABBE3C0044AD39 /* Preview Content */,
			);
			path = KicksCounter;
			sourceTree = "<group>";
		};
		94CC290624ABBE3C0044AD39 /* Preview Content */ = {
			isa = PBXGroup;
			children = (
				94CC290724ABBE3C0044AD39 /* Preview Assets.xcassets */,
			);
			path = "Preview Content";
			sourceTree = "<group>";
		};
		94CC291424ABBE3D0044AD39 /* KicksCounterTests */ = {
			isa = PBXGroup;
			children = (
				94CC291524ABBE3D0044AD39 /* KicksCounterTests.swift */,
				94CC291724ABBE3D0044AD39 /* Info.plist */,
			);
			path = KicksCounterTests;
			sourceTree = "<group>";
		};
/* End PBXGroup section */

/* Begin PBXNativeTarget section */
		94CC28FA24ABBE3B0044AD39 /* KicksCounter */ = {
			isa = PBXNativeTarget;
			buildConfigurationList = 94CC291A24ABBE3D0044AD39 /* Build configuration list for PBXNativeTarget "KicksCounter" */;
			buildPhases = (
				94CC28F724ABBE3B0044AD39 /* Sources */,
				94CC28F824ABBE3B0044AD39 /* Frameworks */,
				94CC28F924ABBE3B0044AD39 /* Resources */,
			);
			buildRules = (
			);
			dependencies = (
			);
			name = KicksCounter;
			productName = KicksCounter;
			productReference = 94CC28FB24ABBE3B0044AD39 /* Kicks.app */;
			productType = "com.apple.product-type.application";
		};
		94CC291024ABBE3D0044AD39 /* KicksCounterTests */ = {
			isa = PBXNativeTarget;
			buildConfigurationList = 94CC291D24ABBE3D0044AD39 /* Build configuration list for PBXNativeTarget "KicksCounterTests" */;
			buildPhases = (
				94CC290D24ABBE3D0044AD39 /* Sources */,
				94CC290E24ABBE3D0044AD39 /* Frameworks */,
				94CC290F24ABBE3D0044AD39 /* Resources */,
			);
			buildRules = (
			);
			dependencies = (
				94CC291324ABBE3D0044AD39 /* PBXTargetDependency */,
			);
			name = KicksCounterTests;
			productName = KicksCounterTests;
			productReference = 94CC291124ABBE3D0044AD39 /* KicksCounterTests.xctest */;
			productType = "com.apple.product-type.bundle.unit-test";
		};
/* End PBXNativeTarget section */

/* Begin PBXProject section */
		94CC28F324ABBE3B0044AD39 /* Project object */ = {
			isa = PBXProject;
			attributes = {
				LastSwiftUpdateCheck = 1150;
				LastUpgradeCheck = 1150;
				ORGANIZATIONNAME = "Ryan Mason-Davies";
				TargetAttributes = {
					94CC28FA24ABBE3B0044AD39 = {
						CreatedOnToolsVersion = 11.5;
					};
					94CC291024ABBE3D0044AD39 = {
						CreatedOnToolsVersion = 11.5;
						TestTargetID = 94CC28FA24ABBE3B0044AD39;
					};
				};
			};
			buildConfigurationList = 94CC28F624ABBE3B0044AD39 /* Build configuration list for PBXProject "KicksCounter" */;
			compatibilityVersion = "Xcode 9.3";
			developmentRegion = en;
			hasScannedForEncodings = 0;
			knownRegions = (
				en,
				Base,
			);
			mainGroup = 94CC28F224ABBE3B0044AD39;
			productRefGroup = 94CC28FC24ABBE3B0044AD39 /* Products */;
			projectDirPath = "";
			projectRoot = "";
			targets = (
				94CC28FA24ABBE3B0044AD39 /* KicksCounter */,
				94CC291024ABBE3D0044AD39 /* KicksCounterTests */,
			);
		};
/* End PBXProject section */

/* Begin PBXResourcesBuildPhase section */
		94CC28F924ABBE3B0044AD39 /* Resources */ = {
			isa = PBXResourcesBuildPhase;
			buildActionMask = 2147483647;
			files = (
				94CC290B24ABBE3C0044AD39 /* LaunchScreen.storyboard in Resources */,
				94CC290824ABBE3C0044AD39 /* Preview Assets.xcassets in Resources */,
				94CC290524ABBE3C0044AD39 /* Assets.xcassets in Resources */,
			);
			runOnlyForDeploymentPostprocessing = 0;
		};
		94CC290F24ABBE3D0044AD39 /* Resources */ = {
			isa = PBXResourcesBuildPhase;
			buildActionMask = 2147483647;
			files = (
			);
			runOnlyForDeploymentPostprocessing = 0;
		};
/* End PBXResourcesBuildPhase section */

/* Begin PBXSourcesBuildPhase section */
		94CC28F724ABBE3B0044AD39 /* Sources */ = {
			isa = PBXSourcesBuildPhase;
			buildActionMask = 2147483647;
			files = (
				94FA24CC24AFB5F700AD0EFA /* DayCard.swift in Sources */,
				94CC28FF24ABBE3B0044AD39 /* AppDelegate.swift in Sources */,
				9406A24024ABCF5A00127541 /* KickSummaryCard.swift in Sources */,
				944B233A24AD2DDC00480BCB /* AppStateStore.swift in Sources */,
				944B233E24AD2F7200480BCB /* AppState.swift in Sources */,
				944B234324AD30AF00480BCB /* TodayView.swift in Sources */,
				94CC290124ABBE3B0044AD39 /* SceneDelegate.swift in Sources */,
				94CC292124ABC75E0044AD39 /* KicksView.swift in Sources */,
				9406A24224ABE3DA00127541 /* Timeframe.swift in Sources */,
				944B234124AD301300480BCB /* HistoryView.swift in Sources */,
				94CC290324ABBE3B0044AD39 /* ContentView.swift in Sources */,
				944B233C24AD2F5500480BCB /* Kick.swift in Sources */,
			);
			runOnlyForDeploymentPostprocessing = 0;
		};
		94CC290D24ABBE3D0044AD39 /* Sources */ = {
			isa = PBXSourcesBuildPhase;
			buildActionMask = 2147483647;
			files = (
				94CC291624ABBE3D0044AD39 /* KicksCounterTests.swift in Sources */,
			);
			runOnlyForDeploymentPostprocessing = 0;
		};
/* End PBXSourcesBuildPhase section */

/* Begin PBXTargetDependency section */
		94CC291324ABBE3D0044AD39 /* PBXTargetDependency */ = {
			isa = PBXTargetDependency;
			target = 94CC28FA24ABBE3B0044AD39 /* KicksCounter */;
			targetProxy = 94CC291224ABBE3D0044AD39 /* PBXContainerItemProxy */;
		};
/* End PBXTargetDependency section */

/* Begin PBXVariantGroup section */
		94CC290924ABBE3C0044AD39 /* LaunchScreen.storyboard */ = {
			isa = PBXVariantGroup;
			children = (
				94CC290A24ABBE3C0044AD39 /* Base */,
			);
			name = LaunchScreen.storyboard;
			sourceTree = "<group>";
		};
/* End PBXVariantGroup section */

/* Begin XCBuildConfiguration section */
		94CC291824ABBE3D0044AD39 /* Debug */ = {
			isa = XCBuildConfiguration;
			buildSettings = {
				ALWAYS_SEARCH_USER_PATHS = NO;
				CLANG_ANALYZER_NONNULL = YES;
				CLANG_ANALYZER_NUMBER_OBJECT_CONVERSION = YES_AGGRESSIVE;
				CLANG_CXX_LANGUAGE_STANDARD = "gnu++14";
				CLANG_CXX_LIBRARY = "libc++";
				CLANG_ENABLE_MODULES = YES;
				CLANG_ENABLE_OBJC_ARC = YES;
				CLANG_ENABLE_OBJC_WEAK = YES;
				CLANG_WARN_BLOCK_CAPTURE_AUTORELEASING = YES;
				CLANG_WARN_BOOL_CONVERSION = YES;
				CLANG_WARN_COMMA = YES;
				CLANG_WARN_CONSTANT_CONVERSION = YES;
				CLANG_WARN_DEPRECATED_OBJC_IMPLEMENTATIONS = YES;
				CLANG_WARN_DIRECT_OBJC_ISA_USAGE = YES_ERROR;
				CLANG_WARN_DOCUMENTATION_COMMENTS = YES;
				CLANG_WARN_EMPTY_BODY = YES;
				CLANG_WARN_ENUM_CONVERSION = YES;
				CLANG_WARN_INFINITE_RECURSION = YES;
				CLANG_WARN_INT_CONVERSION = YES;
				CLANG_WARN_NON_LITERAL_NULL_CONVERSION = YES;
				CLANG_WARN_OBJC_IMPLICIT_RETAIN_SELF = YES;
				CLANG_WARN_OBJC_LITERAL_CONVERSION = YES;
				CLANG_WARN_OBJC_ROOT_CLASS = YES_ERROR;
				CLANG_WARN_RANGE_LOOP_ANALYSIS = YES;
				CLANG_WARN_STRICT_PROTOTYPES = YES;
				CLANG_WARN_SUSPICIOUS_MOVE = YES;
				CLANG_WARN_UNGUARDED_AVAILABILITY = YES_AGGRESSIVE;
				CLANG_WARN_UNREACHABLE_CODE = YES;
				CLANG_WARN__DUPLICATE_METHOD_MATCH = YES;
				COPY_PHASE_STRIP = NO;
				DEBUG_INFORMATION_FORMAT = dwarf;
				ENABLE_STRICT_OBJC_MSGSEND = YES;
				ENABLE_TESTABILITY = YES;
				GCC_C_LANGUAGE_STANDARD = gnu11;
				GCC_DYNAMIC_NO_PIC = NO;
				GCC_NO_COMMON_BLOCKS = YES;
				GCC_OPTIMIZATION_LEVEL = 0;
				GCC_PREPROCESSOR_DEFINITIONS = (
					"DEBUG=1",
					"$(inherited)",
				);
				GCC_WARN_64_TO_32_BIT_CONVERSION = YES;
				GCC_WARN_ABOUT_RETURN_TYPE = YES_ERROR;
				GCC_WARN_UNDECLARED_SELECTOR = YES;
				GCC_WARN_UNINITIALIZED_AUTOS = YES_AGGRESSIVE;
				GCC_WARN_UNUSED_FUNCTION = YES;
				GCC_WARN_UNUSED_VARIABLE = YES;
				IPHONEOS_DEPLOYMENT_TARGET = 13.5;
				MTL_ENABLE_DEBUG_INFO = INCLUDE_SOURCE;
				MTL_FAST_MATH = YES;
				ONLY_ACTIVE_ARCH = YES;
				SDKROOT = iphoneos;
				SWIFT_ACTIVE_COMPILATION_CONDITIONS = DEBUG;
				SWIFT_OPTIMIZATION_LEVEL = "-Onone";
			};
			name = Debug;
		};
		94CC291924ABBE3D0044AD39 /* Release */ = {
			isa = XCBuildConfiguration;
			buildSettings = {
				ALWAYS_SEARCH_USER_PATHS = NO;
				CLANG_ANALYZER_NONNULL = YES;
				CLANG_ANALYZER_NUMBER_OBJECT_CONVERSION = YES_AGGRESSIVE;
				CLANG_CXX_LANGUAGE_STANDARD = "gnu++14";
				CLANG_CXX_LIBRARY = "libc++";
				CLANG_ENABLE_MODULES = YES;
				CLANG_ENABLE_OBJC_ARC = YES;
				CLANG_ENABLE_OBJC_WEAK = YES;
				CLANG_WARN_BLOCK_CAPTURE_AUTORELEASING = YES;
				CLANG_WARN_BOOL_CONVERSION = YES;
				CLANG_WARN_COMMA = YES;
				CLANG_WARN_CONSTANT_CONVERSION = YES;
				CLANG_WARN_DEPRECATED_OBJC_IMPLEMENTATIONS = YES;
				CLANG_WARN_DIRECT_OBJC_ISA_USAGE = YES_ERROR;
				CLANG_WARN_DOCUMENTATION_COMMENTS = YES;
				CLANG_WARN_EMPTY_BODY = YES;
				CLANG_WARN_ENUM_CONVERSION = YES;
				CLANG_WARN_INFINITE_RECURSION = YES;
				CLANG_WARN_INT_CONVERSION = YES;
				CLANG_WARN_NON_LITERAL_NULL_CONVERSION = YES;
				CLANG_WARN_OBJC_IMPLICIT_RETAIN_SELF = YES;
				CLANG_WARN_OBJC_LITERAL_CONVERSION = YES;
				CLANG_WARN_OBJC_ROOT_CLASS = YES_ERROR;
				CLANG_WARN_RANGE_LOOP_ANALYSIS = YES;
				CLANG_WARN_STRICT_PROTOTYPES = YES;
				CLANG_WARN_SUSPICIOUS_MOVE = YES;
				CLANG_WARN_UNGUARDED_AVAILABILITY = YES_AGGRESSIVE;
				CLANG_WARN_UNREACHABLE_CODE = YES;
				CLANG_WARN__DUPLICATE_METHOD_MATCH = YES;
				COPY_PHASE_STRIP = NO;
				DEBUG_INFORMATION_FORMAT = "dwarf-with-dsym";
				ENABLE_NS_ASSERTIONS = NO;
				ENABLE_STRICT_OBJC_MSGSEND = YES;
				GCC_C_LANGUAGE_STANDARD = gnu11;
				GCC_NO_COMMON_BLOCKS = YES;
				GCC_WARN_64_TO_32_BIT_CONVERSION = YES;
				GCC_WARN_ABOUT_RETURN_TYPE = YES_ERROR;
				GCC_WARN_UNDECLARED_SELECTOR = YES;
				GCC_WARN_UNINITIALIZED_AUTOS = YES_AGGRESSIVE;
				GCC_WARN_UNUSED_FUNCTION = YES;
				GCC_WARN_UNUSED_VARIABLE = YES;
				IPHONEOS_DEPLOYMENT_TARGET = 13.5;
				MTL_ENABLE_DEBUG_INFO = NO;
				MTL_FAST_MATH = YES;
				SDKROOT = iphoneos;
				SWIFT_COMPILATION_MODE = wholemodule;
				SWIFT_OPTIMIZATION_LEVEL = "-O";
				VALIDATE_PRODUCT = YES;
			};
			name = Release;
		};
		94CC291B24ABBE3D0044AD39 /* Debug */ = {
			isa = XCBuildConfiguration;
			buildSettings = {
				ASSETCATALOG_COMPILER_APPICON_NAME = AppIcon;
				CODE_SIGN_STYLE = Automatic;
				DEVELOPMENT_ASSET_PATHS = "\"KicksCounter/Preview Content\"";
				DEVELOPMENT_TEAM = 9XFB83Z8C6;
				ENABLE_PREVIEWS = YES;
				INFOPLIST_FILE = KicksCounter/Info.plist;
				LD_RUNPATH_SEARCH_PATHS = (
					"$(inherited)",
					"@executable_path/Frameworks",
				);
				PRODUCT_BUNDLE_IDENTIFIER = com.ryanmasondavies.KicksCounter;
				PRODUCT_NAME = Kicks;
				SWIFT_VERSION = 5.0;
				TARGETED_DEVICE_FAMILY = 1;
			};
			name = Debug;
		};
		94CC291C24ABBE3D0044AD39 /* Release */ = {
			isa = XCBuildConfiguration;
			buildSettings = {
				ASSETCATALOG_COMPILER_APPICON_NAME = AppIcon;
				CODE_SIGN_STYLE = Automatic;
				DEVELOPMENT_ASSET_PATHS = "\"KicksCounter/Preview Content\"";
				DEVELOPMENT_TEAM = 9XFB83Z8C6;
				ENABLE_PREVIEWS = YES;
				INFOPLIST_FILE = KicksCounter/Info.plist;
				LD_RUNPATH_SEARCH_PATHS = (
					"$(inherited)",
					"@executable_path/Frameworks",
				);
				PRODUCT_BUNDLE_IDENTIFIER = com.ryanmasondavies.KicksCounter;
				PRODUCT_NAME = Kicks;
				SWIFT_VERSION = 5.0;
				TARGETED_DEVICE_FAMILY = 1;
			};
			name = Release;
		};
		94CC291E24ABBE3D0044AD39 /* Debug */ = {
			isa = XCBuildConfiguration;
			buildSettings = {
				ALWAYS_EMBED_SWIFT_STANDARD_LIBRARIES = YES;
				BUNDLE_LOADER = "$(TEST_HOST)";
				CODE_SIGN_STYLE = Automatic;
				DEVELOPMENT_TEAM = 9XFB83Z8C6;
				INFOPLIST_FILE = KicksCounterTests/Info.plist;
				IPHONEOS_DEPLOYMENT_TARGET = 13.5;
				LD_RUNPATH_SEARCH_PATHS = (
					"$(inherited)",
					"@executable_path/Frameworks",
					"@loader_path/Frameworks",
				);
				PRODUCT_BUNDLE_IDENTIFIER = com.ryanmasondavies.KicksCounterTests;
				PRODUCT_NAME = "$(TARGET_NAME)";
				SWIFT_VERSION = 5.0;
				TARGETED_DEVICE_FAMILY = "1,2";
				TEST_HOST = "$(BUILT_PRODUCTS_DIR)/KicksCounter.app/KicksCounter";
			};
			name = Debug;
		};
		94CC291F24ABBE3D0044AD39 /* Release */ = {
			isa = XCBuildConfiguration;
			buildSettings = {
				ALWAYS_EMBED_SWIFT_STANDARD_LIBRARIES = YES;
				BUNDLE_LOADER = "$(TEST_HOST)";
				CODE_SIGN_STYLE = Automatic;
				DEVELOPMENT_TEAM = 9XFB83Z8C6;
				INFOPLIST_FILE = KicksCounterTests/Info.plist;
				IPHONEOS_DEPLOYMENT_TARGET = 13.5;
				LD_RUNPATH_SEARCH_PATHS = (
					"$(inherited)",
					"@executable_path/Frameworks",
					"@loader_path/Frameworks",
				);
				PRODUCT_BUNDLE_IDENTIFIER = com.ryanmasondavies.KicksCounterTests;
				PRODUCT_NAME = "$(TARGET_NAME)";
				SWIFT_VERSION = 5.0;
				TARGETED_DEVICE_FAMILY = "1,2";
				TEST_HOST = "$(BUILT_PRODUCTS_DIR)/KicksCounter.app/KicksCounter";
			};
			name = Release;
		};
/* End XCBuildConfiguration section */

/* Begin XCConfigurationList section */
		94CC28F624ABBE3B0044AD39 /* Build configuration list for PBXProject "KicksCounter" */ = {
			isa = XCConfigurationList;
			buildConfigurations = (
				94CC291824ABBE3D0044AD39 /* Debug */,
				94CC291924ABBE3D0044AD39 /* Release */,
			);
			defaultConfigurationIsVisible = 0;
			defaultConfigurationName = Release;
		};
		94CC291A24ABBE3D0044AD39 /* Build configuration list for PBXNativeTarget "KicksCounter" */ = {
			isa = XCConfigurationList;
			buildConfigurations = (
				94CC291B24ABBE3D0044AD39 /* Debug */,
				94CC291C24ABBE3D0044AD39 /* Release */,
			);
			defaultConfigurationIsVisible = 0;
			defaultConfigurationName = Release;
		};
		94CC291D24ABBE3D0044AD39 /* Build configuration list for PBXNativeTarget "KicksCounterTests" */ = {
			isa = XCConfigurationList;
			buildConfigurations = (
				94CC291E24ABBE3D0044AD39 /* Debug */,
				94CC291F24ABBE3D0044AD39 /* Release */,
			);
			defaultConfigurationIsVisible = 0;
			defaultConfigurationName = Release;
		};
/* End XCConfigurationList section */
	};
	rootObject = 94CC28F324ABBE3B0044AD39 /* Project object */;
}
